
Microsoft Visual Studio Solution File, Format Version 12.00
# Visual Studio Version 16
VisualStudioVersion = 16.0.30717.126
MinimumVisualStudioVersion = 10.0.40219.1
Project("{9A19103F-16F7-4668-BE54-9A1E7A4F7556}") = "AutoApi", "MaltDemo\AutoApi.csproj", "{1613CAEE-C8AE-45FF-A8CF-07BD1E769003}"
EndProject
Project("{2150E333-8FDC-42A3-9474-1A3956D46DE8}") = "公共类", "公共类", "{9F69D90C-ABA8-4DB3-8030-378FAA7E1A3F}"
EndProject
Project("{2150E333-8FDC-42A3-9474-1A3956D46DE8}") = "逻辑与模型", "逻辑与模型", "{F8B43F0D-83ED-4ED0-AC3F-2B9EA8611D7F}"
EndProject
Project("{9A19103F-16F7-4668-BE54-9A1E7A4F7556}") = "MaltDemoBusinessCommon", "MaltDemoBusinessCommon\MaltDemoBusinessCommon.csproj", "{CBEE6BFC-AF6C-44B3-9B15-EE6D71BDA3FC}"
EndProject
Project("{9A19103F-16F7-4668-BE54-9A1E7A4F7556}") = "MaltDemoFactoryCommon", "MaltDemoFactoryCommon\MaltDemoFactoryCommon.csproj", "{B263124A-2BDA-4623-B4D9-E677D8152739}"
EndProject
Project("{9A19103F-16F7-4668-BE54-9A1E7A4F7556}") = "MaltDemoModelCommon", "MaltDemoModelCommon\MaltDemoModelCommon.csproj", "{AB9547BD-F26B-4688-B6D1-5433C5942B22}"
EndProject
Project("{9A19103F-16F7-4668-BE54-9A1E7A4F7556}") = "MaltDemoFactoryTestCommon", "MaltDemoFactoryTestCommon\MaltDemoFactoryTestCommon.csproj", "{C272FBEF-867A-47A4-B0DE-B211A74C4D69}"
EndProject
Project("{2150E333-8FDC-42A3-9474-1A3956D46DE8}") = "TBK", "TBK", "{561A30B4-D491-455A-92A8-3F56299B605B}"
EndProject
Project("{9A19103F-16F7-4668-BE54-9A1E7A4F7556}") = "TBKFactory", "TBKProductFactory\TBKFactory.csproj", "{F29ED5AC-BD47-4A53-A422-FC1C180A0D72}"
EndProject
Project("{9A19103F-16F7-4668-BE54-9A1E7A4F7556}") = "TBKBusiness", "TBKProductBusiness\TBKBusiness.csproj", "{1E4E1574-C190-4240-8778-B9C4F469189B}"
EndProject
Project("{9A19103F-16F7-4668-BE54-9A1E7A4F7556}") = "TBKModel", "TBKProductModel\TBKModel.csproj", "{47C95A9D-F19D-403C-83F9-4823342755AB}"
EndProject
Project("{2150E333-8FDC-42A3-9474-1A3956D46DE8}") = "JiJianData", "JiJianData", "{3DB4F59A-AD83-4644-9A3B-49455D6EC0D3}"
EndProject
Project("{9A19103F-16F7-4668-BE54-9A1E7A4F7556}") = "JiJianDataBusiness", "JiJianDataBusiness\JiJianDataBusiness.csproj", "{89F8A098-AE8A-4EA0-848F-31AD8F3FAB68}"
EndProject
Project("{9A19103F-16F7-4668-BE54-9A1E7A4F7556}") = "JiJianDataFactory", "JiJianDataFactory\JiJianDataFactory.csproj", "{95E83407-371C-45AD-ACA1-21572BF644DC}"
EndProject
Project("{9A19103F-16F7-4668-BE54-9A1E7A4F7556}") = "JiJianDataModel", "JiJianDataModel\JiJianDataModel.csproj", "{6778F7BE-F7A8-42DD-9723-728F34047232}"
EndProject
Global
	GlobalSection(SolutionConfigurationPlatforms) = preSolution
		Debug|Any CPU = Debug|Any CPU
		Debug|ARM = Debug|ARM
		Debug|ARM64 = Debug|ARM64
		Debug|x64 = Debug|x64
		Debug|x86 = Debug|x86
		Release|Any CPU = Release|Any CPU
		Release|ARM = Release|ARM
		Release|ARM64 = Release|ARM64
		Release|x64 = Release|x64
		Release|x86 = Release|x86
	EndGlobalSection
	GlobalSection(ProjectConfigurationPlatforms) = postSolution
		{1613CAEE-C8AE-45FF-A8CF-07BD1E769003}.Debug|Any CPU.ActiveCfg = Debug|Any CPU
		{1613CAEE-C8AE-45FF-A8CF-07BD1E769003}.Debug|Any CPU.Build.0 = Debug|Any CPU
		{1613CAEE-C8AE-45FF-A8CF-07BD1E769003}.Debug|ARM.ActiveCfg = Debug|Any CPU
		{1613CAEE-C8AE-45FF-A8CF-07BD1E769003}.Debug|ARM.Build.0 = Debug|Any CPU
		{1613CAEE-C8AE-45FF-A8CF-07BD1E769003}.Debug|ARM64.ActiveCfg = Debug|Any CPU
		{1613CAEE-C8AE-45FF-A8CF-07BD1E769003}.Debug|ARM64.Build.0 = Debug|Any CPU
		{1613CAEE-C8AE-45FF-A8CF-07BD1E769003}.Debug|x64.ActiveCfg = Debug|Any CPU
		{1613CAEE-C8AE-45FF-A8CF-07BD1E769003}.Debug|x64.Build.0 = Debug|Any CPU
		{1613CAEE-C8AE-45FF-A8CF-07BD1E769003}.Debug|x86.ActiveCfg = Debug|Any CPU
		{1613CAEE-C8AE-45FF-A8CF-07BD1E769003}.Debug|x86.Build.0 = Debug|Any CPU
		{1613CAEE-C8AE-45FF-A8CF-07BD1E769003}.Release|Any CPU.ActiveCfg = Release|Any CPU
		{1613CAEE-C8AE-45FF-A8CF-07BD1E769003}.Release|Any CPU.Build.0 = Release|Any CPU
		{1613CAEE-C8AE-45FF-A8CF-07BD1E769003}.Release|ARM.ActiveCfg = Release|Any CPU
		{1613CAEE-C8AE-45FF-A8CF-07BD1E769003}.Release|ARM.Build.0 = Release|Any CPU
		{1613CAEE-C8AE-45FF-A8CF-07BD1E769003}.Release|ARM64.ActiveCfg = Release|Any CPU
		{1613CAEE-C8AE-45FF-A8CF-07BD1E769003}.Release|ARM64.Build.0 = Release|Any CPU
		{1613CAEE-C8AE-45FF-A8CF-07BD1E769003}.Release|x64.ActiveCfg = Release|Any CPU
		{1613CAEE-C8AE-45FF-A8CF-07BD1E769003}.Release|x64.Build.0 = Release|Any CPU
		{1613CAEE-C8AE-45FF-A8CF-07BD1E769003}.Release|x86.ActiveCfg = Release|Any CPU
		{1613CAEE-C8AE-45FF-A8CF-07BD1E769003}.Release|x86.Build.0 = Release|Any CPU
		{CBEE6BFC-AF6C-44B3-9B15-EE6D71BDA3FC}.Debug|Any CPU.ActiveCfg = Debug|Any CPU
		{CBEE6BFC-AF6C-44B3-9B15-EE6D71BDA3FC}.Debug|Any CPU.Build.0 = Debug|Any CPU
		{CBEE6BFC-AF6C-44B3-9B15-EE6D71BDA3FC}.Debug|ARM.ActiveCfg = Debug|Any CPU
		{CBEE6BFC-AF6C-44B3-9B15-EE6D71BDA3FC}.Debug|ARM.Build.0 = Debug|Any CPU
		{CBEE6BFC-AF6C-44B3-9B15-EE6D71BDA3FC}.Debug|ARM64.ActiveCfg = Debug|Any CPU
		{CBEE6BFC-AF6C-44B3-9B15-EE6D71BDA3FC}.Debug|ARM64.Build.0 = Debug|Any CPU
		{CBEE6BFC-AF6C-44B3-9B15-EE6D71BDA3FC}.Debug|x64.ActiveCfg = Debug|Any CPU
		{CBEE6BFC-AF6C-44B3-9B15-EE6D71BDA3FC}.Debug|x64.Build.0 = Debug|Any CPU
		{CBEE6BFC-AF6C-44B3-9B15-EE6D71BDA3FC}.Debug|x86.ActiveCfg = Debug|Any CPU
		{CBEE6BFC-AF6C-44B3-9B15-EE6D71BDA3FC}.Debug|x86.Build.0 = Debug|Any CPU
		{CBEE6BFC-AF6C-44B3-9B15-EE6D71BDA3FC}.Release|Any CPU.ActiveCfg = Release|Any CPU
		{CBEE6BFC-AF6C-44B3-9B15-EE6D71BDA3FC}.Release|Any CPU.Build.0 = Release|Any CPU
		{CBEE6BFC-AF6C-44B3-9B15-EE6D71BDA3FC}.Release|ARM.ActiveCfg = Release|Any CPU
		{CBEE6BFC-AF6C-44B3-9B15-EE6D71BDA3FC}.Release|ARM.Build.0 = Release|Any CPU
		{CBEE6BFC-AF6C-44B3-9B15-EE6D71BDA3FC}.Release|ARM64.ActiveCfg = Release|Any CPU
		{CBEE6BFC-AF6C-44B3-9B15-EE6D71BDA3FC}.Release|ARM64.Build.0 = Release|Any CPU
		{CBEE6BFC-AF6C-44B3-9B15-EE6D71BDA3FC}.Release|x64.ActiveCfg = Release|Any CPU
		{CBEE6BFC-AF6C-44B3-9B15-EE6D71BDA3FC}.Release|x64.Build.0 = Release|Any CPU
		{CBEE6BFC-AF6C-44B3-9B15-EE6D71BDA3FC}.Release|x86.ActiveCfg = Release|Any CPU
		{CBEE6BFC-AF6C-44B3-9B15-EE6D71BDA3FC}.Release|x86.Build.0 = Release|Any CPU
		{B263124A-2BDA-4623-B4D9-E677D8152739}.Debug|Any CPU.ActiveCfg = Debug|Any CPU
		{B263124A-2BDA-4623-B4D9-E677D8152739}.Debug|Any CPU.Build.0 = Debug|Any CPU
		{B263124A-2BDA-4623-B4D9-E677D8152739}.Debug|ARM.ActiveCfg = Debug|Any CPU
		{B263124A-2BDA-4623-B4D9-E677D8152739}.Debug|ARM.Build.0 = Debug|Any CPU
		{B263124A-2BDA-4623-B4D9-E677D8152739}.Debug|ARM64.ActiveCfg = Debug|Any CPU
		{B263124A-2BDA-4623-B4D9-E677D8152739}.Debug|ARM64.Build.0 = Debug|Any CPU
		{B263124A-2BDA-4623-B4D9-E677D8152739}.Debug|x64.ActiveCfg = Debug|Any CPU
		{B263124A-2BDA-4623-B4D9-E677D8152739}.Debug|x64.Build.0 = Debug|Any CPU
		{B263124A-2BDA-4623-B4D9-E677D8152739}.Debug|x86.ActiveCfg = Debug|Any CPU
		{B263124A-2BDA-4623-B4D9-E677D8152739}.Debug|x86.Build.0 = Debug|Any CPU
		{B263124A-2BDA-4623-B4D9-E677D8152739}.Release|Any CPU.ActiveCfg = Release|Any CPU
		{B263124A-2BDA-4623-B4D9-E677D8152739}.Release|Any CPU.Build.0 = Release|Any CPU
		{B263124A-2BDA-4623-B4D9-E677D8152739}.Release|ARM.ActiveCfg = Release|Any CPU
		{B263124A-2BDA-4623-B4D9-E677D8152739}.Release|ARM.Build.0 = Release|Any CPU
		{B263124A-2BDA-4623-B4D9-E677D8152739}.Release|ARM64.ActiveCfg = Release|Any CPU
		{B263124A-2BDA-4623-B4D9-E677D8152739}.Release|ARM64.Build.0 = Release|Any CPU
		{B263124A-2BDA-4623-B4D9-E677D8152739}.Release|x64.ActiveCfg = Release|Any CPU
		{B263124A-2BDA-4623-B4D9-E677D8152739}.Release|x64.Build.0 = Release|Any CPU
		{B263124A-2BDA-4623-B4D9-E677D8152739}.Release|x86.ActiveCfg = Release|Any CPU
		{B263124A-2BDA-4623-B4D9-E677D8152739}.Release|x86.Build.0 = Release|Any CPU
		{AB9547BD-F26B-4688-B6D1-5433C5942B22}.Debug|Any CPU.ActiveCfg = Debug|Any CPU
		{AB9547BD-F26B-4688-B6D1-5433C5942B22}.Debug|Any CPU.Build.0 = Debug|Any CPU
		{AB9547BD-F26B-4688-B6D1-5433C5942B22}.Debug|ARM.ActiveCfg = Debug|Any CPU
		{AB9547BD-F26B-4688-B6D1-5433C5942B22}.Debug|ARM.Build.0 = Debug|Any CPU
		{AB9547BD-F26B-4688-B6D1-5433C5942B22}.Debug|ARM64.ActiveCfg = Debug|Any CPU
		{AB9547BD-F26B-4688-B6D1-5433C5942B22}.Debug|ARM64.Build.0 = Debug|Any CPU
		{AB9547BD-F26B-4688-B6D1-5433C5942B22}.Debug|x64.ActiveCfg = Debug|Any CPU
		{AB9547BD-F26B-4688-B6D1-5433C5942B22}.Debug|x64.Build.0 = Debug|Any CPU
		{AB9547BD-F26B-4688-B6D1-5433C5942B22}.Debug|x86.ActiveCfg = Debug|Any CPU
		{AB9547BD-F26B-4688-B6D1-5433C5942B22}.Debug|x86.Build.0 = Debug|Any CPU
		{AB9547BD-F26B-4688-B6D1-5433C5942B22}.Release|Any CPU.ActiveCfg = Release|Any CPU
		{AB9547BD-F26B-4688-B6D1-5433C5942B22}.Release|Any CPU.Build.0 = Release|Any CPU
		{AB9547BD-F26B-4688-B6D1-5433C5942B22}.Release|ARM.ActiveCfg = Release|Any CPU
		{AB9547BD-F26B-4688-B6D1-5433C5942B22}.Release|ARM.Build.0 = Release|Any CPU
		{AB9547BD-F26B-4688-B6D1-5433C5942B22}.Release|ARM64.ActiveCfg = Release|Any CPU
		{AB9547BD-F26B-4688-B6D1-5433C5942B22}.Release|ARM64.Build.0 = Release|Any CPU
		{AB9547BD-F26B-4688-B6D1-5433C5942B22}.Release|x64.ActiveCfg = Release|Any CPU
		{AB9547BD-F26B-4688-B6D1-5433C5942B22}.Release|x64.Build.0 = Release|Any CPU
		{AB9547BD-F26B-4688-B6D1-5433C5942B22}.Release|x86.ActiveCfg = Release|Any CPU
		{AB9547BD-F26B-4688-B6D1-5433C5942B22}.Release|x86.Build.0 = Release|Any CPU
		{C272FBEF-867A-47A4-B0DE-B211A74C4D69}.Debug|Any CPU.ActiveCfg = Debug|Any CPU
		{C272FBEF-867A-47A4-B0DE-B211A74C4D69}.Debug|Any CPU.Build.0 = Debug|Any CPU
		{C272FBEF-867A-47A4-B0DE-B211A74C4D69}.Debug|ARM.ActiveCfg = Debug|Any CPU
		{C272FBEF-867A-47A4-B0DE-B211A74C4D69}.Debug|ARM.Build.0 = Debug|Any CPU
		{C272FBEF-867A-47A4-B0DE-B211A74C4D69}.Debug|ARM64.ActiveCfg = Debug|Any CPU
		{C272FBEF-867A-47A4-B0DE-B211A74C4D69}.Debug|ARM64.Build.0 = Debug|Any CPU
		{C272FBEF-867A-47A4-B0DE-B211A74C4D69}.Debug|x64.ActiveCfg = Debug|Any CPU
		{C272FBEF-867A-47A4-B0DE-B211A74C4D69}.Debug|x64.Build.0 = Debug|Any CPU
		{C272FBEF-867A-47A4-B0DE-B211A74C4D69}.Debug|x86.ActiveCfg = Debug|Any CPU
		{C272FBEF-867A-47A4-B0DE-B211A74C4D69}.Debug|x86.Build.0 = Debug|Any CPU
		{C272FBEF-867A-47A4-B0DE-B211A74C4D69}.Release|Any CPU.ActiveCfg = Release|Any CPU
		{C272FBEF-867A-47A4-B0DE-B211A74C4D69}.Release|Any CPU.Build.0 = Release|Any CPU
		{C272FBEF-867A-47A4-B0DE-B211A74C4D69}.Release|ARM.ActiveCfg = Release|Any CPU
		{C272FBEF-867A-47A4-B0DE-B211A74C4D69}.Release|ARM.Build.0 = Release|Any CPU
		{C272FBEF-867A-47A4-B0DE-B211A74C4D69}.Release|ARM64.ActiveCfg = Release|Any CPU
		{C272FBEF-867A-47A4-B0DE-B211A74C4D69}.Release|ARM64.Build.0 = Release|Any CPU
		{C272FBEF-867A-47A4-B0DE-B211A74C4D69}.Release|x64.ActiveCfg = Release|Any CPU
		{C272FBEF-867A-47A4-B0DE-B211A74C4D69}.Release|x64.Build.0 = Release|Any CPU
		{C272FBEF-867A-47A4-B0DE-B211A74C4D69}.Release|x86.ActiveCfg = Release|Any CPU
		{C272FBEF-867A-47A4-B0DE-B211A74C4D69}.Release|x86.Build.0 = Release|Any CPU
		{F29ED5AC-BD47-4A53-A422-FC1C180A0D72}.Debug|Any CPU.ActiveCfg = Debug|Any CPU
		{F29ED5AC-BD47-4A53-A422-FC1C180A0D72}.Debug|Any CPU.Build.0 = Debug|Any CPU
		{F29ED5AC-BD47-4A53-A422-FC1C180A0D72}.Debug|ARM.ActiveCfg = Debug|Any CPU
		{F29ED5AC-BD47-4A53-A422-FC1C180A0D72}.Debug|ARM.Build.0 = Debug|Any CPU
		{F29ED5AC-BD47-4A53-A422-FC1C180A0D72}.Debug|ARM64.ActiveCfg = Debug|Any CPU
		{F29ED5AC-BD47-4A53-A422-FC1C180A0D72}.Debug|ARM64.Build.0 = Debug|Any CPU
		{F29ED5AC-BD47-4A53-A422-FC1C180A0D72}.Debug|x64.ActiveCfg = Debug|Any CPU
		{F29ED5AC-BD47-4A53-A422-FC1C180A0D72}.Debug|x64.Build.0 = Debug|Any CPU
		{F29ED5AC-BD47-4A53-A422-FC1C180A0D72}.Debug|x86.ActiveCfg = Debug|Any CPU
		{F29ED5AC-BD47-4A53-A422-FC1C180A0D72}.Debug|x86.Build.0 = Debug|Any CPU
		{F29ED5AC-BD47-4A53-A422-FC1C180A0D72}.Release|Any CPU.ActiveCfg = Release|Any CPU
		{F29ED5AC-BD47-4A53-A422-FC1C180A0D72}.Release|Any CPU.Build.0 = Release|Any CPU
		{F29ED5AC-BD47-4A53-A422-FC1C180A0D72}.Release|ARM.ActiveCfg = Release|Any CPU
		{F29ED5AC-BD47-4A53-A422-FC1C180A0D72}.Release|ARM.Build.0 = Release|Any CPU
		{F29ED5AC-BD47-4A53-A422-FC1C180A0D72}.Release|ARM64.ActiveCfg = Release|Any CPU
		{F29ED5AC-BD47-4A53-A422-FC1C180A0D72}.Release|ARM64.Build.0 = Release|Any CPU
		{F29ED5AC-BD47-4A53-A422-FC1C180A0D72}.Release|x64.ActiveCfg = Release|Any CPU
		{F29ED5AC-BD47-4A53-A422-FC1C180A0D72}.Release|x64.Build.0 = Release|Any CPU
		{F29ED5AC-BD47-4A53-A422-FC1C180A0D72}.Release|x86.ActiveCfg = Release|Any CPU
		{F29ED5AC-BD47-4A53-A422-FC1C180A0D72}.Release|x86.Build.0 = Release|Any CPU
		{1E4E1574-C190-4240-8778-B9C4F469189B}.Debug|Any CPU.ActiveCfg = Debug|Any CPU
		{1E4E1574-C190-4240-8778-B9C4F469189B}.Debug|Any CPU.Build.0 = Debug|Any CPU
		{1E4E1574-C190-4240-8778-B9C4F469189B}.Debug|ARM.ActiveCfg = Debug|Any CPU
		{1E4E1574-C190-4240-8778-B9C4F469189B}.Debug|ARM.Build.0 = Debug|Any CPU
		{1E4E1574-C190-4240-8778-B9C4F469189B}.Debug|ARM64.ActiveCfg = Debug|Any CPU
		{1E4E1574-C190-4240-8778-B9C4F469189B}.Debug|ARM64.Build.0 = Debug|Any CPU
		{1E4E1574-C190-4240-8778-B9C4F469189B}.Debug|x64.ActiveCfg = Debug|Any CPU
		{1E4E1574-C190-4240-8778-B9C4F469189B}.Debug|x64.Build.0 = Debug|Any CPU
		{1E4E1574-C190-4240-8778-B9C4F469189B}.Debug|x86.ActiveCfg = Debug|Any CPU
		{1E4E1574-C190-4240-8778-B9C4F469189B}.Debug|x86.Build.0 = Debug|Any CPU
		{1E4E1574-C190-4240-8778-B9C4F469189B}.Release|Any CPU.ActiveCfg = Release|Any CPU
		{1E4E1574-C190-4240-8778-B9C4F469189B}.Release|Any CPU.Build.0 = Release|Any CPU
		{1E4E1574-C190-4240-8778-B9C4F469189B}.Release|ARM.ActiveCfg = Release|Any CPU
		{1E4E1574-C190-4240-8778-B9C4F469189B}.Release|ARM.Build.0 = Release|Any CPU
		{1E4E1574-C190-4240-8778-B9C4F469189B}.Release|ARM64.ActiveCfg = Release|Any CPU
		{1E4E1574-C190-4240-8778-B9C4F469189B}.Release|ARM64.Build.0 = Release|Any CPU
		{1E4E1574-C190-4240-8778-B9C4F469189B}.Release|x64.ActiveCfg = Release|Any CPU
		{1E4E1574-C190-4240-8778-B9C4F469189B}.Release|x64.Build.0 = Release|Any CPU
		{1E4E1574-C190-4240-8778-B9C4F469189B}.Release|x86.ActiveCfg = Release|Any CPU
		{1E4E1574-C190-4240-8778-B9C4F469189B}.Release|x86.Build.0 = Release|Any CPU
		{47C95A9D-F19D-403C-83F9-4823342755AB}.Debug|Any CPU.ActiveCfg = Debug|Any CPU
		{47C95A9D-F19D-403C-83F9-4823342755AB}.Debug|Any CPU.Build.0 = Debug|Any CPU
		{47C95A9D-F19D-403C-83F9-4823342755AB}.Debug|ARM.ActiveCfg = Debug|Any CPU
		{47C95A9D-F19D-403C-83F9-4823342755AB}.Debug|ARM.Build.0 = Debug|Any CPU
		{47C95A9D-F19D-403C-83F9-4823342755AB}.Debug|ARM64.ActiveCfg = Debug|Any CPU
		{47C95A9D-F19D-403C-83F9-4823342755AB}.Debug|ARM64.Build.0 = Debug|Any CPU
		{47C95A9D-F19D-403C-83F9-4823342755AB}.Debug|x64.ActiveCfg = Debug|Any CPU
		{47C95A9D-F19D-403C-83F9-4823342755AB}.Debug|x64.Build.0 = Debug|Any CPU
		{47C95A9D-F19D-403C-83F9-4823342755AB}.Debug|x86.ActiveCfg = Debug|Any CPU
		{47C95A9D-F19D-403C-83F9-4823342755AB}.Debug|x86.Build.0 = Debug|Any CPU
		{47C95A9D-F19D-403C-83F9-4823342755AB}.Release|Any CPU.ActiveCfg = Release|Any CPU
		{47C95A9D-F19D-403C-83F9-4823342755AB}.Release|Any CPU.Build.0 = Release|Any CPU
		{47C95A9D-F19D-403C-83F9-4823342755AB}.Release|ARM.ActiveCfg = Release|Any CPU
		{47C95A9D-F19D-403C-83F9-4823342755AB}.Release|ARM.Build.0 = Release|Any CPU
		{47C95A9D-F19D-403C-83F9-4823342755AB}.Release|ARM64.ActiveCfg = Release|Any CPU
		{47C95A9D-F19D-403C-83F9-4823342755AB}.Release|ARM64.Build.0 = Release|Any CPU
		{47C95A9D-F19D-403C-83F9-4823342755AB}.Release|x64.ActiveCfg = Release|Any CPU
		{47C95A9D-F19D-403C-83F9-4823342755AB}.Release|x64.Build.0 = Release|Any CPU
		{47C95A9D-F19D-403C-83F9-4823342755AB}.Release|x86.ActiveCfg = Release|Any CPU
		{47C95A9D-F19D-403C-83F9-4823342755AB}.Release|x86.Build.0 = Release|Any CPU
		{89F8A098-AE8A-4EA0-848F-31AD8F3FAB68}.Debug|Any CPU.ActiveCfg = Debug|Any CPU
		{89F8A098-AE8A-4EA0-848F-31AD8F3FAB68}.Debug|Any CPU.Build.0 = Debug|Any CPU
		{89F8A098-AE8A-4EA0-848F-31AD8F3FAB68}.Debug|ARM.ActiveCfg = Debug|Any CPU
		{89F8A098-AE8A-4EA0-848F-31AD8F3FAB68}.Debug|ARM.Build.0 = Debug|Any CPU
		{89F8A098-AE8A-4EA0-848F-31AD8F3FAB68}.Debug|ARM64.ActiveCfg = Debug|Any CPU
		{89F8A098-AE8A-4EA0-848F-31AD8F3FAB68}.Debug|ARM64.Build.0 = Debug|Any CPU
		{89F8A098-AE8A-4EA0-848F-31AD8F3FAB68}.Debug|x64.ActiveCfg = Debug|Any CPU
		{89F8A098-AE8A-4EA0-848F-31AD8F3FAB68}.Debug|x64.Build.0 = Debug|Any CPU
		{89F8A098-AE8A-4EA0-848F-31AD8F3FAB68}.Debug|x86.ActiveCfg = Debug|Any CPU
		{89F8A098-AE8A-4EA0-848F-31AD8F3FAB68}.Debug|x86.Build.0 = Debug|Any CPU
		{89F8A098-AE8A-4EA0-848F-31AD8F3FAB68}.Release|Any CPU.ActiveCfg = Release|Any CPU
		{89F8A098-AE8A-4EA0-848F-31AD8F3FAB68}.Release|Any CPU.Build.0 = Release|Any CPU
		{89F8A098-AE8A-4EA0-848F-31AD8F3FAB68}.Release|ARM.ActiveCfg = Release|Any CPU
		{89F8A098-AE8A-4EA0-848F-31AD8F3FAB68}.Release|ARM.Build.0 = Release|Any CPU
		{89F8A098-AE8A-4EA0-848F-31AD8F3FAB68}.Release|ARM64.ActiveCfg = Release|Any CPU
		{89F8A098-AE8A-4EA0-848F-31AD8F3FAB68}.Release|ARM64.Build.0 = Release|Any CPU
		{89F8A098-AE8A-4EA0-848F-31AD8F3FAB68}.Release|x64.ActiveCfg = Release|Any CPU
		{89F8A098-AE8A-4EA0-848F-31AD8F3FAB68}.Release|x64.Build.0 = Release|Any CPU
		{89F8A098-AE8A-4EA0-848F-31AD8F3FAB68}.Release|x86.ActiveCfg = Release|Any CPU
		{89F8A098-AE8A-4EA0-848F-31AD8F3FAB68}.Release|x86.Build.0 = Release|Any CPU
		{95E83407-371C-45AD-ACA1-21572BF644DC}.Debug|Any CPU.ActiveCfg = Debug|Any CPU
		{95E83407-371C-45AD-ACA1-21572BF644DC}.Debug|Any CPU.Build.0 = Debug|Any CPU
		{95E83407-371C-45AD-ACA1-21572BF644DC}.Debug|ARM.ActiveCfg = Debug|Any CPU
		{95E83407-371C-45AD-ACA1-21572BF644DC}.Debug|ARM.Build.0 = Debug|Any CPU
		{95E83407-371C-45AD-ACA1-21572BF644DC}.Debug|ARM64.ActiveCfg = Debug|Any CPU
		{95E83407-371C-45AD-ACA1-21572BF644DC}.Debug|ARM64.Build.0 = Debug|Any CPU
		{95E83407-371C-45AD-ACA1-21572BF644DC}.Debug|x64.ActiveCfg = Debug|Any CPU
		{95E83407-371C-45AD-ACA1-21572BF644DC}.Debug|x64.Build.0 = Debug|Any CPU
		{95E83407-371C-45AD-ACA1-21572BF644DC}.Debug|x86.ActiveCfg = Debug|Any CPU
		{95E83407-371C-45AD-ACA1-21572BF644DC}.Debug|x86.Build.0 = Debug|Any CPU
		{95E83407-371C-45AD-ACA1-21572BF644DC}.Release|Any CPU.ActiveCfg = Release|Any CPU
		{95E83407-371C-45AD-ACA1-21572BF644DC}.Release|Any CPU.Build.0 = Release|Any CPU
		{95E83407-371C-45AD-ACA1-21572BF644DC}.Release|ARM.ActiveCfg = Release|Any CPU
		{95E83407-371C-45AD-ACA1-21572BF644DC}.Release|ARM.Build.0 = Release|Any CPU
		{95E83407-371C-45AD-ACA1-21572BF644DC}.Release|ARM64.ActiveCfg = Release|Any CPU
		{95E83407-371C-45AD-ACA1-21572BF644DC}.Release|ARM64.Build.0 = Release|Any CPU
		{95E83407-371C-45AD-ACA1-21572BF644DC}.Release|x64.ActiveCfg = Release|Any CPU
		{95E83407-371C-45AD-ACA1-21572BF644DC}.Release|x64.Build.0 = Release|Any CPU
		{95E83407-371C-45AD-ACA1-21572BF644DC}.Release|x86.ActiveCfg = Release|Any CPU
		{95E83407-371C-45AD-ACA1-21572BF644DC}.Release|x86.Build.0 = Release|Any CPU
		{6778F7BE-F7A8-42DD-9723-728F34047232}.Debug|Any CPU.ActiveCfg = Debug|Any CPU
		{6778F7BE-F7A8-42DD-9723-728F34047232}.Debug|Any CPU.Build.0 = Debug|Any CPU
		{6778F7BE-F7A8-42DD-9723-728F34047232}.Debug|ARM.ActiveCfg = Debug|Any CPU
		{6778F7BE-F7A8-42DD-9723-728F34047232}.Debug|ARM.Build.0 = Debug|Any CPU
		{6778F7BE-F7A8-42DD-9723-728F34047232}.Debug|ARM64.ActiveCfg = Debug|Any CPU
		{6778F7BE-F7A8-42DD-9723-728F34047232}.Debug|ARM64.Build.0 = Debug|Any CPU
		{6778F7BE-F7A8-42DD-9723-728F34047232}.Debug|x64.ActiveCfg = Debug|Any CPU
		{6778F7BE-F7A8-42DD-9723-728F34047232}.Debug|x64.Build.0 = Debug|Any CPU
		{6778F7BE-F7A8-42DD-9723-728F34047232}.Debug|x86.ActiveCfg = Debug|Any CPU
		{6778F7BE-F7A8-42DD-9723-728F34047232}.Debug|x86.Build.0 = Debug|Any CPU
		{6778F7BE-F7A8-42DD-9723-728F34047232}.Release|Any CPU.ActiveCfg = Release|Any CPU
		{6778F7BE-F7A8-42DD-9723-728F34047232}.Release|Any CPU.Build.0 = Release|Any CPU
		{6778F7BE-F7A8-42DD-9723-728F34047232}.Release|ARM.ActiveCfg = Release|Any CPU
		{6778F7BE-F7A8-42DD-9723-728F34047232}.Release|ARM.Build.0 = Release|Any CPU
		{6778F7BE-F7A8-42DD-9723-728F34047232}.Release|ARM64.ActiveCfg = Release|Any CPU
		{6778F7BE-F7A8-42DD-9723-728F34047232}.Release|ARM64.Build.0 = Release|Any CPU
		{6778F7BE-F7A8-42DD-9723-728F34047232}.Release|x64.ActiveCfg = Release|Any CPU
		{6778F7BE-F7A8-42DD-9723-728F34047232}.Release|x64.Build.0 = Release|Any CPU
		{6778F7BE-F7A8-42DD-9723-728F34047232}.Release|x86.ActiveCfg = Release|Any CPU
		{6778F7BE-F7A8-42DD-9723-728F34047232}.Release|x86.Build.0 = Release|Any CPU
	EndGlobalSection
	GlobalSection(SolutionProperties) = preSolution
		HideSolutionNode = FALSE
	EndGlobalSection
	GlobalSection(NestedProjects) = preSolution
		{CBEE6BFC-AF6C-44B3-9B15-EE6D71BDA3FC} = {9F69D90C-ABA8-4DB3-8030-378FAA7E1A3F}
		{B263124A-2BDA-4623-B4D9-E677D8152739} = {9F69D90C-ABA8-4DB3-8030-378FAA7E1A3F}
		{AB9547BD-F26B-4688-B6D1-5433C5942B22} = {9F69D90C-ABA8-4DB3-8030-378FAA7E1A3F}
		{C272FBEF-867A-47A4-B0DE-B211A74C4D69} = {9F69D90C-ABA8-4DB3-8030-378FAA7E1A3F}
		{561A30B4-D491-455A-92A8-3F56299B605B} = {F8B43F0D-83ED-4ED0-AC3F-2B9EA8611D7F}
		{F29ED5AC-BD47-4A53-A422-FC1C180A0D72} = {561A30B4-D491-455A-92A8-3F56299B605B}
		{1E4E1574-C190-4240-8778-B9C4F469189B} = {561A30B4-D491-455A-92A8-3F56299B605B}
		{47C95A9D-F19D-403C-83F9-4823342755AB} = {561A30B4-D491-455A-92A8-3F56299B605B}
		{3DB4F59A-AD83-4644-9A3B-49455D6EC0D3} = {F8B43F0D-83ED-4ED0-AC3F-2B9EA8611D7F}
		{89F8A098-AE8A-4EA0-848F-31AD8F3FAB68} = {3DB4F59A-AD83-4644-9A3B-49455D6EC0D3}
		{95E83407-371C-45AD-ACA1-21572BF644DC} = {3DB4F59A-AD83-4644-9A3B-49455D6EC0D3}
		{6778F7BE-F7A8-42DD-9723-728F34047232} = {3DB4F59A-AD83-4644-9A3B-49455D6EC0D3}
	EndGlobalSection
	GlobalSection(ExtensibilityGlobals) = postSolution
		SolutionGuid = {7CBEDD41-455C-43FC-B39D-DF75FCCD5E93}
	EndGlobalSection
EndGlobal
